// !$*UTF8*$!
{
	archiveVersion = 1;
	classes = {
	};
	objectVersion = 56;
	objects = {

/* Begin PBXBuildFile section */
		23416CF42AC5668E00C11BAE /* AppDelegate.swift in Sources */ = {isa = PBXBuildFile; fileRef = 23416CF32AC5668E00C11BAE /* AppDelegate.swift */; };
		23416CF62AC5668E00C11BAE /* SceneDelegate.swift in Sources */ = {isa = PBXBuildFile; fileRef = 23416CF52AC5668E00C11BAE /* SceneDelegate.swift */; };
		23416CFD2AC5668F00C11BAE /* Assets.xcassets in Resources */ = {isa = PBXBuildFile; fileRef = 23416CFC2AC5668F00C11BAE /* Assets.xcassets */; };
		23416D0B2AC5668F00C11BAE /* ArticleCardCellViewModelTest.swift in Sources */ = {isa = PBXBuildFile; fileRef = 23416D0A2AC5668F00C11BAE /* ArticleCardCellViewModelTest.swift */; };
		23416D152AC5668F00C11BAE /* NewsAppUITests.swift in Sources */ = {isa = PBXBuildFile; fileRef = 23416D142AC5668F00C11BAE /* NewsAppUITests.swift */; };
		23416D2B2AC566FC00C11BAE /* Colors.swift in Sources */ = {isa = PBXBuildFile; fileRef = 23416D2A2AC566FC00C11BAE /* Colors.swift */; };
		23416D2D2AC5671400C11BAE /* NewsError.swift in Sources */ = {isa = PBXBuildFile; fileRef = 23416D2C2AC5671400C11BAE /* NewsError.swift */; };
		23416D322AC5675000C11BAE /* Coordinator.swift in Sources */ = {isa = PBXBuildFile; fileRef = 23416D312AC5675000C11BAE /* Coordinator.swift */; };
		23416D342AC5676F00C11BAE /* ApplicationCoordinator.swift in Sources */ = {isa = PBXBuildFile; fileRef = 23416D332AC5676F00C11BAE /* ApplicationCoordinator.swift */; };
		23416D362AC5678E00C11BAE /* StateCoordinator.swift in Sources */ = {isa = PBXBuildFile; fileRef = 23416D352AC5678E00C11BAE /* StateCoordinator.swift */; };
		23416D382AC567A100C11BAE /* InAppCoordinator.swift in Sources */ = {isa = PBXBuildFile; fileRef = 23416D372AC567A100C11BAE /* InAppCoordinator.swift */; };
		23416D3C2AC567DB00C11BAE /* NewsViewController.swift in Sources */ = {isa = PBXBuildFile; fileRef = 23416D3B2AC567DB00C11BAE /* NewsViewController.swift */; };
		23416D3E2AC5680900C11BAE /* NewsContentViewController.swift in Sources */ = {isa = PBXBuildFile; fileRef = 23416D3D2AC5680900C11BAE /* NewsContentViewController.swift */; };
		23416D412AC5687800C11BAE /* Article.swift in Sources */ = {isa = PBXBuildFile; fileRef = 23416D402AC5687800C11BAE /* Article.swift */; };
		23416D432AC5688F00C11BAE /* NewsViewModel.swift in Sources */ = {isa = PBXBuildFile; fileRef = 23416D422AC5688F00C11BAE /* NewsViewModel.swift */; };
		23416D462AC568CB00C11BAE /* ContentStateViewController.swift in Sources */ = {isa = PBXBuildFile; fileRef = 23416D452AC568CB00C11BAE /* ContentStateViewController.swift */; };
		23416D4A2AC568ED00C11BAE /* LoadingViewController.swift in Sources */ = {isa = PBXBuildFile; fileRef = 23416D492AC568ED00C11BAE /* LoadingViewController.swift */; };
		23416D4C2AC568FF00C11BAE /* LoadingView.swift in Sources */ = {isa = PBXBuildFile; fileRef = 23416D4B2AC568FF00C11BAE /* LoadingView.swift */; };
		23416D4E2AC5691400C11BAE /* ErrorViewController.swift in Sources */ = {isa = PBXBuildFile; fileRef = 23416D4D2AC5691400C11BAE /* ErrorViewController.swift */; };
		23416D502AC5691900C11BAE /* ErrorView.swift in Sources */ = {isa = PBXBuildFile; fileRef = 23416D4F2AC5691900C11BAE /* ErrorView.swift */; };
		23416D552AC56ADC00C11BAE /* UIViewController+Extensions.swift in Sources */ = {isa = PBXBuildFile; fileRef = 23416D542AC56ADC00C11BAE /* UIViewController+Extensions.swift */; };
		23416D572AC56AF600C11BAE /* UIView+Extensions.swift in Sources */ = {isa = PBXBuildFile; fileRef = 23416D562AC56AF600C11BAE /* UIView+Extensions.swift */; };
		23416D5A2AC56BC400C11BAE /* UICollecionView+Layouts.swift in Sources */ = {isa = PBXBuildFile; fileRef = 23416D592AC56BC400C11BAE /* UICollecionView+Layouts.swift */; };
		23416D5C2AC57B9E00C11BAE /* UIButton+Components.swift in Sources */ = {isa = PBXBuildFile; fileRef = 23416D5B2AC57B9E00C11BAE /* UIButton+Components.swift */; };
		23416D5E2AC5830F00C11BAE /* UIApplication+Extensions.swift in Sources */ = {isa = PBXBuildFile; fileRef = 23416D5D2AC5830F00C11BAE /* UIApplication+Extensions.swift */; };
		23416D602AC58FD900C11BAE /* NewsAPIService.swift in Sources */ = {isa = PBXBuildFile; fileRef = 23416D5F2AC58FD900C11BAE /* NewsAPIService.swift */; };
		23416D622AC59C7000C11BAE /* UIImageView+Extensions.swift in Sources */ = {isa = PBXBuildFile; fileRef = 23416D612AC59C7000C11BAE /* UIImageView+Extensions.swift */; };
		23416D642AC5A44A00C11BAE /* ArticleCardCell.swift in Sources */ = {isa = PBXBuildFile; fileRef = 23416D632AC5A44A00C11BAE /* ArticleCardCell.swift */; };
		23416D672AC5A47200C11BAE /* ArticleCardCellViewModel.swift in Sources */ = {isa = PBXBuildFile; fileRef = 23416D662AC5A47200C11BAE /* ArticleCardCellViewModel.swift */; };
		23416D6C2AC5AD1200C11BAE /* PaddingLabel.swift in Sources */ = {isa = PBXBuildFile; fileRef = 23416D6B2AC5AD1200C11BAE /* PaddingLabel.swift */; };
		23416D7B2AC5DAAF00C11BAE /* FileManager+Extensions.swift in Sources */ = {isa = PBXBuildFile; fileRef = 23416D7A2AC5DAAF00C11BAE /* FileManager+Extensions.swift */; };
		23416D7D2AC5E3A200C11BAE /* String+Extensions.swift in Sources */ = {isa = PBXBuildFile; fileRef = 23416D7C2AC5E3A200C11BAE /* String+Extensions.swift */; };
		23416D802AC5EA1900C11BAE /* ImageCache.swift in Sources */ = {isa = PBXBuildFile; fileRef = 23416D7F2AC5EA1900C11BAE /* ImageCache.swift */; };
		23416D842AC5F2D000C11BAE /* NewsFilterViewController.swift in Sources */ = {isa = PBXBuildFile; fileRef = 23416D832AC5F2D000C11BAE /* NewsFilterViewController.swift */; };
		23416D862AC5F2D700C11BAE /* NewsFilterView.swift in Sources */ = {isa = PBXBuildFile; fileRef = 23416D852AC5F2D700C11BAE /* NewsFilterView.swift */; };
		23416D882AC60CBA00C11BAE /* Array+Extensions.swift in Sources */ = {isa = PBXBuildFile; fileRef = 23416D872AC60CBA00C11BAE /* Array+Extensions.swift */; };
		23416D8A2AC62FAD00C11BAE /* NewsFilterViewModel.swift in Sources */ = {isa = PBXBuildFile; fileRef = 23416D892AC62FAD00C11BAE /* NewsFilterViewModel.swift */; };
		23416D8D2AC6321000C11BAE /* ArticleDetailsViewController.swift in Sources */ = {isa = PBXBuildFile; fileRef = 23416D8C2AC6321000C11BAE /* ArticleDetailsViewController.swift */; };
		23416D922AC6343000C11BAE /* ArticleDetailsViewModel.swift in Sources */ = {isa = PBXBuildFile; fileRef = 23416D912AC6343000C11BAE /* ArticleDetailsViewModel.swift */; };
		23416D942AC64C8500C11BAE /* TappableTextView.swift in Sources */ = {isa = PBXBuildFile; fileRef = 23416D932AC64C8500C11BAE /* TappableTextView.swift */; };
		23416D962AC64FA500C11BAE /* UIView+Components.swift in Sources */ = {isa = PBXBuildFile; fileRef = 23416D952AC64FA500C11BAE /* UIView+Components.swift */; };
		23416D982AC6537D00C11BAE /* ArticleContentsDetailsCell.swift in Sources */ = {isa = PBXBuildFile; fileRef = 23416D972AC6537D00C11BAE /* ArticleContentsDetailsCell.swift */; };
		23416D9A2AC653CB00C11BAE /* ImageHeaderCell.swift in Sources */ = {isa = PBXBuildFile; fileRef = 23416D992AC653CB00C11BAE /* ImageHeaderCell.swift */; };
		23416D9C2AC65B5700C11BAE /* ArticleDetailsViewModelTest.swift in Sources */ = {isa = PBXBuildFile; fileRef = 23416D9B2AC65B5700C11BAE /* ArticleDetailsViewModelTest.swift */; };
		23416DA02AC66D4B00C11BAE /* NewsViewModelTest.swift in Sources */ = {isa = PBXBuildFile; fileRef = 23416D9F2AC66D4B00C11BAE /* NewsViewModelTest.swift */; };
/* End PBXBuildFile section */

/* Begin PBXContainerItemProxy section */
		23416D072AC5668F00C11BAE /* PBXContainerItemProxy */ = {
			isa = PBXContainerItemProxy;
			containerPortal = 23416CE82AC5668E00C11BAE /* Project object */;
			proxyType = 1;
			remoteGlobalIDString = 23416CEF2AC5668E00C11BAE;
			remoteInfo = NewsApp;
		};
		23416D112AC5668F00C11BAE /* PBXContainerItemProxy */ = {
			isa = PBXContainerItemProxy;
			containerPortal = 23416CE82AC5668E00C11BAE /* Project object */;
			proxyType = 1;
			remoteGlobalIDString = 23416CEF2AC5668E00C11BAE;
			remoteInfo = NewsApp;
		};
/* End PBXContainerItemProxy section */

/* Begin PBXFileReference section */
		23416CF02AC5668E00C11BAE /* NewsApp.app */ = {isa = PBXFileReference; explicitFileType = wrapper.application; includeInIndex = 0; path = NewsApp.app; sourceTree = BUILT_PRODUCTS_DIR; };
		23416CF32AC5668E00C11BAE /* AppDelegate.swift */ = {isa = PBXFileReference; lastKnownFileType = sourcecode.swift; path = AppDelegate.swift; sourceTree = "<group>"; };
		23416CF52AC5668E00C11BAE /* SceneDelegate.swift */ = {isa = PBXFileReference; lastKnownFileType = sourcecode.swift; path = SceneDelegate.swift; sourceTree = "<group>"; };
		23416CFC2AC5668F00C11BAE /* Assets.xcassets */ = {isa = PBXFileReference; lastKnownFileType = folder.assetcatalog; path = Assets.xcassets; sourceTree = "<group>"; };
		23416D012AC5668F00C11BAE /* Info.plist */ = {isa = PBXFileReference; lastKnownFileType = text.plist.xml; path = Info.plist; sourceTree = "<group>"; };
		23416D062AC5668F00C11BAE /* NewsAppTests.xctest */ = {isa = PBXFileReference; explicitFileType = wrapper.cfbundle; includeInIndex = 0; path = NewsAppTests.xctest; sourceTree = BUILT_PRODUCTS_DIR; };
		23416D0A2AC5668F00C11BAE /* ArticleCardCellViewModelTest.swift */ = {isa = PBXFileReference; lastKnownFileType = sourcecode.swift; path = ArticleCardCellViewModelTest.swift; sourceTree = "<group>"; };
		23416D102AC5668F00C11BAE /* NewsAppUITests.xctest */ = {isa = PBXFileReference; explicitFileType = wrapper.cfbundle; includeInIndex = 0; path = NewsAppUITests.xctest; sourceTree = BUILT_PRODUCTS_DIR; };
		23416D142AC5668F00C11BAE /* NewsAppUITests.swift */ = {isa = PBXFileReference; lastKnownFileType = sourcecode.swift; path = NewsAppUITests.swift; sourceTree = "<group>"; };
		23416D2A2AC566FC00C11BAE /* Colors.swift */ = {isa = PBXFileReference; lastKnownFileType = sourcecode.swift; path = Colors.swift; sourceTree = "<group>"; };
		23416D2C2AC5671400C11BAE /* NewsError.swift */ = {isa = PBXFileReference; lastKnownFileType = sourcecode.swift; path = NewsError.swift; sourceTree = "<group>"; };
		23416D312AC5675000C11BAE /* Coordinator.swift */ = {isa = PBXFileReference; lastKnownFileType = sourcecode.swift; path = Coordinator.swift; sourceTree = "<group>"; };
		23416D332AC5676F00C11BAE /* ApplicationCoordinator.swift */ = {isa = PBXFileReference; lastKnownFileType = sourcecode.swift; path = ApplicationCoordinator.swift; sourceTree = "<group>"; };
		23416D352AC5678E00C11BAE /* StateCoordinator.swift */ = {isa = PBXFileReference; lastKnownFileType = sourcecode.swift; path = StateCoordinator.swift; sourceTree = "<group>"; };
		23416D372AC567A100C11BAE /* InAppCoordinator.swift */ = {isa = PBXFileReference; lastKnownFileType = sourcecode.swift; path = InAppCoordinator.swift; sourceTree = "<group>"; };
		23416D3B2AC567DB00C11BAE /* NewsViewController.swift */ = {isa = PBXFileReference; lastKnownFileType = sourcecode.swift; path = NewsViewController.swift; sourceTree = "<group>"; };
		23416D3D2AC5680900C11BAE /* NewsContentViewController.swift */ = {isa = PBXFileReference; lastKnownFileType = sourcecode.swift; path = NewsContentViewController.swift; sourceTree = "<group>"; };
		23416D402AC5687800C11BAE /* Article.swift */ = {isa = PBXFileReference; lastKnownFileType = sourcecode.swift; path = Article.swift; sourceTree = "<group>"; };
		23416D422AC5688F00C11BAE /* NewsViewModel.swift */ = {isa = PBXFileReference; lastKnownFileType = sourcecode.swift; path = NewsViewModel.swift; sourceTree = "<group>"; };
		23416D452AC568CB00C11BAE /* ContentStateViewController.swift */ = {isa = PBXFileReference; lastKnownFileType = sourcecode.swift; path = ContentStateViewController.swift; sourceTree = "<group>"; };
		23416D492AC568ED00C11BAE /* LoadingViewController.swift */ = {isa = PBXFileReference; lastKnownFileType = sourcecode.swift; path = LoadingViewController.swift; sourceTree = "<group>"; };
		23416D4B2AC568FF00C11BAE /* LoadingView.swift */ = {isa = PBXFileReference; lastKnownFileType = sourcecode.swift; path = LoadingView.swift; sourceTree = "<group>"; };
		23416D4D2AC5691400C11BAE /* ErrorViewController.swift */ = {isa = PBXFileReference; lastKnownFileType = sourcecode.swift; path = ErrorViewController.swift; sourceTree = "<group>"; };
		23416D4F2AC5691900C11BAE /* ErrorView.swift */ = {isa = PBXFileReference; lastKnownFileType = sourcecode.swift; path = ErrorView.swift; sourceTree = "<group>"; };
		23416D542AC56ADC00C11BAE /* UIViewController+Extensions.swift */ = {isa = PBXFileReference; lastKnownFileType = sourcecode.swift; path = "UIViewController+Extensions.swift"; sourceTree = "<group>"; };
		23416D562AC56AF600C11BAE /* UIView+Extensions.swift */ = {isa = PBXFileReference; lastKnownFileType = sourcecode.swift; path = "UIView+Extensions.swift"; sourceTree = "<group>"; };
		23416D592AC56BC400C11BAE /* UICollecionView+Layouts.swift */ = {isa = PBXFileReference; lastKnownFileType = sourcecode.swift; path = "UICollecionView+Layouts.swift"; sourceTree = "<group>"; };
		23416D5B2AC57B9E00C11BAE /* UIButton+Components.swift */ = {isa = PBXFileReference; lastKnownFileType = sourcecode.swift; path = "UIButton+Components.swift"; sourceTree = "<group>"; };
		23416D5D2AC5830F00C11BAE /* UIApplication+Extensions.swift */ = {isa = PBXFileReference; lastKnownFileType = sourcecode.swift; path = "UIApplication+Extensions.swift"; sourceTree = "<group>"; };
		23416D5F2AC58FD900C11BAE /* NewsAPIService.swift */ = {isa = PBXFileReference; lastKnownFileType = sourcecode.swift; path = NewsAPIService.swift; sourceTree = "<group>"; };
		23416D612AC59C7000C11BAE /* UIImageView+Extensions.swift */ = {isa = PBXFileReference; lastKnownFileType = sourcecode.swift; path = "UIImageView+Extensions.swift"; sourceTree = "<group>"; };
		23416D632AC5A44A00C11BAE /* ArticleCardCell.swift */ = {isa = PBXFileReference; lastKnownFileType = sourcecode.swift; path = ArticleCardCell.swift; sourceTree = "<group>"; };
		23416D662AC5A47200C11BAE /* ArticleCardCellViewModel.swift */ = {isa = PBXFileReference; lastKnownFileType = sourcecode.swift; path = ArticleCardCellViewModel.swift; sourceTree = "<group>"; };
		23416D6B2AC5AD1200C11BAE /* PaddingLabel.swift */ = {isa = PBXFileReference; lastKnownFileType = sourcecode.swift; path = PaddingLabel.swift; sourceTree = "<group>"; };
		23416D7A2AC5DAAF00C11BAE /* FileManager+Extensions.swift */ = {isa = PBXFileReference; lastKnownFileType = sourcecode.swift; path = "FileManager+Extensions.swift"; sourceTree = "<group>"; };
		23416D7C2AC5E3A200C11BAE /* String+Extensions.swift */ = {isa = PBXFileReference; lastKnownFileType = sourcecode.swift; path = "String+Extensions.swift"; sourceTree = "<group>"; };
		23416D7F2AC5EA1900C11BAE /* ImageCache.swift */ = {isa = PBXFileReference; lastKnownFileType = sourcecode.swift; path = ImageCache.swift; sourceTree = "<group>"; };
		23416D832AC5F2D000C11BAE /* NewsFilterViewController.swift */ = {isa = PBXFileReference; lastKnownFileType = sourcecode.swift; path = NewsFilterViewController.swift; sourceTree = "<group>"; };
		23416D852AC5F2D700C11BAE /* NewsFilterView.swift */ = {isa = PBXFileReference; lastKnownFileType = sourcecode.swift; path = NewsFilterView.swift; sourceTree = "<group>"; };
		23416D872AC60CBA00C11BAE /* Array+Extensions.swift */ = {isa = PBXFileReference; lastKnownFileType = sourcecode.swift; path = "Array+Extensions.swift"; sourceTree = "<group>"; };
		23416D892AC62FAD00C11BAE /* NewsFilterViewModel.swift */ = {isa = PBXFileReference; lastKnownFileType = sourcecode.swift; path = NewsFilterViewModel.swift; sourceTree = "<group>"; };
		23416D8C2AC6321000C11BAE /* ArticleDetailsViewController.swift */ = {isa = PBXFileReference; lastKnownFileType = sourcecode.swift; path = ArticleDetailsViewController.swift; sourceTree = "<group>"; };
		23416D912AC6343000C11BAE /* ArticleDetailsViewModel.swift */ = {isa = PBXFileReference; fileEncoding = 4; lastKnownFileType = sourcecode.swift; path = ArticleDetailsViewModel.swift; sourceTree = "<group>"; };
		23416D932AC64C8500C11BAE /* TappableTextView.swift */ = {isa = PBXFileReference; lastKnownFileType = sourcecode.swift; path = TappableTextView.swift; sourceTree = "<group>"; };
		23416D952AC64FA500C11BAE /* UIView+Components.swift */ = {isa = PBXFileReference; lastKnownFileType = sourcecode.swift; path = "UIView+Components.swift"; sourceTree = "<group>"; };
		23416D972AC6537D00C11BAE /* ArticleContentsDetailsCell.swift */ = {isa = PBXFileReference; lastKnownFileType = sourcecode.swift; path = ArticleContentsDetailsCell.swift; sourceTree = "<group>"; };
		23416D992AC653CB00C11BAE /* ImageHeaderCell.swift */ = {isa = PBXFileReference; lastKnownFileType = sourcecode.swift; path = ImageHeaderCell.swift; sourceTree = "<group>"; };
		23416D9B2AC65B5700C11BAE /* ArticleDetailsViewModelTest.swift */ = {isa = PBXFileReference; lastKnownFileType = sourcecode.swift; path = ArticleDetailsViewModelTest.swift; sourceTree = "<group>"; };
		23416D9F2AC66D4B00C11BAE /* NewsViewModelTest.swift */ = {isa = PBXFileReference; lastKnownFileType = sourcecode.swift; path = NewsViewModelTest.swift; sourceTree = "<group>"; };
/* End PBXFileReference section */

/* Begin PBXFrameworksBuildPhase section */
		23416CED2AC5668E00C11BAE /* Frameworks */ = {
			isa = PBXFrameworksBuildPhase;
			buildActionMask = 2147483647;
			files = (
			);
			runOnlyForDeploymentPostprocessing = 0;
		};
		23416D032AC5668F00C11BAE /* Frameworks */ = {
			isa = PBXFrameworksBuildPhase;
			buildActionMask = 2147483647;
			files = (
			);
			runOnlyForDeploymentPostprocessing = 0;
		};
		23416D0D2AC5668F00C11BAE /* Frameworks */ = {
			isa = PBXFrameworksBuildPhase;
			buildActionMask = 2147483647;
			files = (
			);
			runOnlyForDeploymentPostprocessing = 0;
		};
/* End PBXFrameworksBuildPhase section */

/* Begin PBXGroup section */
		23416CE72AC5668E00C11BAE = {
			isa = PBXGroup;
			children = (
				23416CF22AC5668E00C11BAE /* NewsApp */,
				23416D092AC5668F00C11BAE /* NewsAppTests */,
				23416D132AC5668F00C11BAE /* NewsAppUITests */,
				23416CF12AC5668E00C11BAE /* Products */,
			);
			sourceTree = "<group>";
		};
		23416CF12AC5668E00C11BAE /* Products */ = {
			isa = PBXGroup;
			children = (
				23416CF02AC5668E00C11BAE /* NewsApp.app */,
				23416D062AC5668F00C11BAE /* NewsAppTests.xctest */,
				23416D102AC5668F00C11BAE /* NewsAppUITests.xctest */,
			);
			name = Products;
			sourceTree = "<group>";
		};
		23416CF22AC5668E00C11BAE /* NewsApp */ = {
			isa = PBXGroup;
			children = (
				23416D242AC566B100C11BAE /* Utilities */,
				23416D232AC566AE00C11BAE /* App */,
				23416CF32AC5668E00C11BAE /* AppDelegate.swift */,
				23416CF52AC5668E00C11BAE /* SceneDelegate.swift */,
				23416CFC2AC5668F00C11BAE /* Assets.xcassets */,
				23416D012AC5668F00C11BAE /* Info.plist */,
			);
			path = NewsApp;
			sourceTree = "<group>";
		};
		23416D092AC5668F00C11BAE /* NewsAppTests */ = {
			isa = PBXGroup;
			children = (
				23416D0A2AC5668F00C11BAE /* ArticleCardCellViewModelTest.swift */,
				23416D9B2AC65B5700C11BAE /* ArticleDetailsViewModelTest.swift */,
				23416D9F2AC66D4B00C11BAE /* NewsViewModelTest.swift */,
			);
			path = NewsAppTests;
			sourceTree = "<group>";
		};
		23416D132AC5668F00C11BAE /* NewsAppUITests */ = {
			isa = PBXGroup;
			children = (
				23416D142AC5668F00C11BAE /* NewsAppUITests.swift */,
			);
			path = NewsAppUITests;
			sourceTree = "<group>";
		};
		23416D232AC566AE00C11BAE /* App */ = {
			isa = PBXGroup;
			children = (
				23416D812AC5F2AE00C11BAE /* ChildViews */,
				23416D6A2AC5AD0600C11BAE /* BaseComponents */,
				23416D512AC56A3700C11BAE /* Components */,
				23416D582AC56BA900C11BAE /* Layouts */,
				23416D292AC566E100C11BAE /* DNA */,
				23416D442AC568AF00C11BAE /* Containers */,
				23416D3F2AC5687200C11BAE /* Models */,
				23416D392AC567C700C11BAE /* FullScreen */,
			);
			path = App;
			sourceTree = "<group>";
		};
		23416D242AC566B100C11BAE /* Utilities */ = {
			isa = PBXGroup;
			children = (
				23416D7E2AC5EA0D00C11BAE /* Cache */,
				23416D2E2AC5672400C11BAE /* Coordinator */,
				23416D252AC566B700C11BAE /* Services */,
				23416D272AC566C300C11BAE /* Extensions */,
			);
			path = Utilities;
			sourceTree = "<group>";
		};
		23416D252AC566B700C11BAE /* Services */ = {
			isa = PBXGroup;
			children = (
				23416D5F2AC58FD900C11BAE /* NewsAPIService.swift */,
			);
			path = Services;
			sourceTree = "<group>";
		};
		23416D272AC566C300C11BAE /* Extensions */ = {
			isa = PBXGroup;
			children = (
				23416D542AC56ADC00C11BAE /* UIViewController+Extensions.swift */,
				23416D562AC56AF600C11BAE /* UIView+Extensions.swift */,
				23416D5D2AC5830F00C11BAE /* UIApplication+Extensions.swift */,
				23416D612AC59C7000C11BAE /* UIImageView+Extensions.swift */,
				23416D7A2AC5DAAF00C11BAE /* FileManager+Extensions.swift */,
				23416D7C2AC5E3A200C11BAE /* String+Extensions.swift */,
				23416D872AC60CBA00C11BAE /* Array+Extensions.swift */,
			);
			path = Extensions;
			sourceTree = "<group>";
		};
		23416D292AC566E100C11BAE /* DNA */ = {
			isa = PBXGroup;
			children = (
				23416D2A2AC566FC00C11BAE /* Colors.swift */,
				23416D2C2AC5671400C11BAE /* NewsError.swift */,
			);
			path = DNA;
			sourceTree = "<group>";
		};
		23416D2E2AC5672400C11BAE /* Coordinator */ = {
			isa = PBXGroup;
			children = (
				23416D2F2AC5673500C11BAE /* Core */,
				23416D302AC5673C00C11BAE /* StateCoordinator */,
			);
			path = Coordinator;
			sourceTree = "<group>";
		};
		23416D2F2AC5673500C11BAE /* Core */ = {
			isa = PBXGroup;
			children = (
				23416D312AC5675000C11BAE /* Coordinator.swift */,
				23416D332AC5676F00C11BAE /* ApplicationCoordinator.swift */,
			);
			path = Core;
			sourceTree = "<group>";
		};
		23416D302AC5673C00C11BAE /* StateCoordinator */ = {
			isa = PBXGroup;
			children = (
				23416D352AC5678E00C11BAE /* StateCoordinator.swift */,
				23416D372AC567A100C11BAE /* InAppCoordinator.swift */,
			);
			path = StateCoordinator;
			sourceTree = "<group>";
		};
		23416D392AC567C700C11BAE /* FullScreen */ = {
			isa = PBXGroup;
			children = (
				23416D3A2AC567D000C11BAE /* News */,
				23416D8B2AC631FF00C11BAE /* ArticleDetails */,
				23416D482AC568E500C11BAE /* Loading */,
				23416D472AC568E200C11BAE /* Error */,
			);
			path = FullScreen;
			sourceTree = "<group>";
		};
		23416D3A2AC567D000C11BAE /* News */ = {
			isa = PBXGroup;
			children = (
				23416D3B2AC567DB00C11BAE /* NewsViewController.swift */,
				23416D3D2AC5680900C11BAE /* NewsContentViewController.swift */,
				23416D422AC5688F00C11BAE /* NewsViewModel.swift */,
			);
			path = News;
			sourceTree = "<group>";
		};
		23416D3F2AC5687200C11BAE /* Models */ = {
			isa = PBXGroup;
			children = (
				23416D402AC5687800C11BAE /* Article.swift */,
			);
			path = Models;
			sourceTree = "<group>";
		};
		23416D442AC568AF00C11BAE /* Containers */ = {
			isa = PBXGroup;
			children = (
				23416D452AC568CB00C11BAE /* ContentStateViewController.swift */,
			);
			path = Containers;
			sourceTree = "<group>";
		};
		23416D472AC568E200C11BAE /* Error */ = {
			isa = PBXGroup;
			children = (
				23416D4D2AC5691400C11BAE /* ErrorViewController.swift */,
				23416D4F2AC5691900C11BAE /* ErrorView.swift */,
			);
			path = Error;
			sourceTree = "<group>";
		};
		23416D482AC568E500C11BAE /* Loading */ = {
			isa = PBXGroup;
			children = (
				23416D492AC568ED00C11BAE /* LoadingViewController.swift */,
				23416D4B2AC568FF00C11BAE /* LoadingView.swift */,
			);
			path = Loading;
			sourceTree = "<group>";
		};
		23416D512AC56A3700C11BAE /* Components */ = {
			isa = PBXGroup;
			children = (
				23416D652AC5A46400C11BAE /* ArticleCardCell */,
				23416D5B2AC57B9E00C11BAE /* UIButton+Components.swift */,
				23416D952AC64FA500C11BAE /* UIView+Components.swift */,
				23416D932AC64C8500C11BAE /* TappableTextView.swift */,
				23416D972AC6537D00C11BAE /* ArticleContentsDetailsCell.swift */,
				23416D992AC653CB00C11BAE /* ImageHeaderCell.swift */,
			);
			path = Components;
			sourceTree = "<group>";
		};
		23416D582AC56BA900C11BAE /* Layouts */ = {
			isa = PBXGroup;
			children = (
				23416D592AC56BC400C11BAE /* UICollecionView+Layouts.swift */,
			);
			path = Layouts;
			sourceTree = "<group>";
		};
		23416D652AC5A46400C11BAE /* ArticleCardCell */ = {
			isa = PBXGroup;
			children = (
				23416D632AC5A44A00C11BAE /* ArticleCardCell.swift */,
				23416D662AC5A47200C11BAE /* ArticleCardCellViewModel.swift */,
			);
			path = ArticleCardCell;
			sourceTree = "<group>";
		};
		23416D6A2AC5AD0600C11BAE /* BaseComponents */ = {
			isa = PBXGroup;
			children = (
				23416D6B2AC5AD1200C11BAE /* PaddingLabel.swift */,
			);
			path = BaseComponents;
			sourceTree = "<group>";
		};
		23416D7E2AC5EA0D00C11BAE /* Cache */ = {
			isa = PBXGroup;
			children = (
				23416D7F2AC5EA1900C11BAE /* ImageCache.swift */,
			);
			path = Cache;
			sourceTree = "<group>";
		};
		23416D812AC5F2AE00C11BAE /* ChildViews */ = {
			isa = PBXGroup;
			children = (
				23416D822AC5F2C200C11BAE /* FilterView */,
			);
			path = ChildViews;
			sourceTree = "<group>";
		};
		23416D822AC5F2C200C11BAE /* FilterView */ = {
			isa = PBXGroup;
			children = (
				23416D832AC5F2D000C11BAE /* NewsFilterViewController.swift */,
				23416D852AC5F2D700C11BAE /* NewsFilterView.swift */,
				23416D892AC62FAD00C11BAE /* NewsFilterViewModel.swift */,
			);
			path = FilterView;
			sourceTree = "<group>";
		};
		23416D8B2AC631FF00C11BAE /* ArticleDetails */ = {
			isa = PBXGroup;
			children = (
				23416D912AC6343000C11BAE /* ArticleDetailsViewModel.swift */,
				23416D8C2AC6321000C11BAE /* ArticleDetailsViewController.swift */,
			);
			path = ArticleDetails;
			sourceTree = "<group>";
		};
/* End PBXGroup section */

/* Begin PBXNativeTarget section */
		23416CEF2AC5668E00C11BAE /* NewsApp */ = {
			isa = PBXNativeTarget;
			buildConfigurationList = 23416D1A2AC5668F00C11BAE /* Build configuration list for PBXNativeTarget "NewsApp" */;
			buildPhases = (
				23416CEC2AC5668E00C11BAE /* Sources */,
				23416CED2AC5668E00C11BAE /* Frameworks */,
				23416CEE2AC5668E00C11BAE /* Resources */,
			);
			buildRules = (
			);
			dependencies = (
			);
			name = NewsApp;
			productName = NewsApp;
			productReference = 23416CF02AC5668E00C11BAE /* NewsApp.app */;
			productType = "com.apple.product-type.application";
		};
		23416D052AC5668F00C11BAE /* NewsAppTests */ = {
			isa = PBXNativeTarget;
			buildConfigurationList = 23416D1D2AC5668F00C11BAE /* Build configuration list for PBXNativeTarget "NewsAppTests" */;
			buildPhases = (
				23416D022AC5668F00C11BAE /* Sources */,
				23416D032AC5668F00C11BAE /* Frameworks */,
				23416D042AC5668F00C11BAE /* Resources */,
			);
			buildRules = (
			);
			dependencies = (
				23416D082AC5668F00C11BAE /* PBXTargetDependency */,
			);
			name = NewsAppTests;
			productName = NewsAppTests;
			productReference = 23416D062AC5668F00C11BAE /* NewsAppTests.xctest */;
			productType = "com.apple.product-type.bundle.unit-test";
		};
		23416D0F2AC5668F00C11BAE /* NewsAppUITests */ = {
			isa = PBXNativeTarget;
			buildConfigurationList = 23416D202AC5668F00C11BAE /* Build configuration list for PBXNativeTarget "NewsAppUITests" */;
			buildPhases = (
				23416D0C2AC5668F00C11BAE /* Sources */,
				23416D0D2AC5668F00C11BAE /* Frameworks */,
				23416D0E2AC5668F00C11BAE /* Resources */,
			);
			buildRules = (
			);
			dependencies = (
				23416D122AC5668F00C11BAE /* PBXTargetDependency */,
			);
			name = NewsAppUITests;
			productName = NewsAppUITests;
			productReference = 23416D102AC5668F00C11BAE /* NewsAppUITests.xctest */;
			productType = "com.apple.product-type.bundle.ui-testing";
		};
/* End PBXNativeTarget section */

/* Begin PBXProject section */
		23416CE82AC5668E00C11BAE /* Project object */ = {
			isa = PBXProject;
			attributes = {
				BuildIndependentTargetsInParallel = 1;
				LastSwiftUpdateCheck = 1420;
				LastUpgradeCheck = 1420;
				TargetAttributes = {
					23416CEF2AC5668E00C11BAE = {
						CreatedOnToolsVersion = 14.2;
					};
					23416D052AC5668F00C11BAE = {
						CreatedOnToolsVersion = 14.2;
						TestTargetID = 23416CEF2AC5668E00C11BAE;
					};
					23416D0F2AC5668F00C11BAE = {
						CreatedOnToolsVersion = 14.2;
						TestTargetID = 23416CEF2AC5668E00C11BAE;
					};
				};
			};
			buildConfigurationList = 23416CEB2AC5668E00C11BAE /* Build configuration list for PBXProject "NewsApp" */;
			compatibilityVersion = "Xcode 14.0";
			developmentRegion = en;
			hasScannedForEncodings = 0;
			knownRegions = (
				en,
				Base,
			);
			mainGroup = 23416CE72AC5668E00C11BAE;
			productRefGroup = 23416CF12AC5668E00C11BAE /* Products */;
			projectDirPath = "";
			projectRoot = "";
			targets = (
				23416CEF2AC5668E00C11BAE /* NewsApp */,
				23416D052AC5668F00C11BAE /* NewsAppTests */,
				23416D0F2AC5668F00C11BAE /* NewsAppUITests */,
			);
		};
/* End PBXProject section */

/* Begin PBXResourcesBuildPhase section */
		23416CEE2AC5668E00C11BAE /* Resources */ = {
			isa = PBXResourcesBuildPhase;
			buildActionMask = 2147483647;
			files = (
				23416CFD2AC5668F00C11BAE /* Assets.xcassets in Resources */,
			);
			runOnlyForDeploymentPostprocessing = 0;
		};
		23416D042AC5668F00C11BAE /* Resources */ = {
			isa = PBXResourcesBuildPhase;
			buildActionMask = 2147483647;
			files = (
			);
			runOnlyForDeploymentPostprocessing = 0;
		};
		23416D0E2AC5668F00C11BAE /* Resources */ = {
			isa = PBXResourcesBuildPhase;
			buildActionMask = 2147483647;
			files = (
			);
			runOnlyForDeploymentPostprocessing = 0;
		};
/* End PBXResourcesBuildPhase section */

/* Begin PBXSourcesBuildPhase section */
		23416CEC2AC5668E00C11BAE /* Sources */ = {
			isa = PBXSourcesBuildPhase;
			buildActionMask = 2147483647;
			files = (
				23416D802AC5EA1900C11BAE /* ImageCache.swift in Sources */,
				23416D572AC56AF600C11BAE /* UIView+Extensions.swift in Sources */,
				23416D7B2AC5DAAF00C11BAE /* FileManager+Extensions.swift in Sources */,
				23416D2B2AC566FC00C11BAE /* Colors.swift in Sources */,
				23416D9A2AC653CB00C11BAE /* ImageHeaderCell.swift in Sources */,
				23416D622AC59C7000C11BAE /* UIImageView+Extensions.swift in Sources */,
				23416D642AC5A44A00C11BAE /* ArticleCardCell.swift in Sources */,
				23416D4A2AC568ED00C11BAE /* LoadingViewController.swift in Sources */,
				23416D3E2AC5680900C11BAE /* NewsContentViewController.swift in Sources */,
				23416D322AC5675000C11BAE /* Coordinator.swift in Sources */,
				23416D4C2AC568FF00C11BAE /* LoadingView.swift in Sources */,
				23416D982AC6537D00C11BAE /* ArticleContentsDetailsCell.swift in Sources */,
				23416D3C2AC567DB00C11BAE /* NewsViewController.swift in Sources */,
				23416D602AC58FD900C11BAE /* NewsAPIService.swift in Sources */,
				23416D862AC5F2D700C11BAE /* NewsFilterView.swift in Sources */,
				23416D502AC5691900C11BAE /* ErrorView.swift in Sources */,
				23416CF42AC5668E00C11BAE /* AppDelegate.swift in Sources */,
				23416D412AC5687800C11BAE /* Article.swift in Sources */,
				23416CF62AC5668E00C11BAE /* SceneDelegate.swift in Sources */,
				23416D5C2AC57B9E00C11BAE /* UIButton+Components.swift in Sources */,
				23416D2D2AC5671400C11BAE /* NewsError.swift in Sources */,
				23416D5E2AC5830F00C11BAE /* UIApplication+Extensions.swift in Sources */,
				23416D922AC6343000C11BAE /* ArticleDetailsViewModel.swift in Sources */,
				23416D552AC56ADC00C11BAE /* UIViewController+Extensions.swift in Sources */,
				23416D362AC5678E00C11BAE /* StateCoordinator.swift in Sources */,
				23416D5A2AC56BC400C11BAE /* UICollecionView+Layouts.swift in Sources */,
				23416D962AC64FA500C11BAE /* UIView+Components.swift in Sources */,
				23416D842AC5F2D000C11BAE /* NewsFilterViewController.swift in Sources */,
				23416D8D2AC6321000C11BAE /* ArticleDetailsViewController.swift in Sources */,
				23416D942AC64C8500C11BAE /* TappableTextView.swift in Sources */,
				23416D432AC5688F00C11BAE /* NewsViewModel.swift in Sources */,
				23416D882AC60CBA00C11BAE /* Array+Extensions.swift in Sources */,
				23416D342AC5676F00C11BAE /* ApplicationCoordinator.swift in Sources */,
				23416D462AC568CB00C11BAE /* ContentStateViewController.swift in Sources */,
				23416D7D2AC5E3A200C11BAE /* String+Extensions.swift in Sources */,
				23416D8A2AC62FAD00C11BAE /* NewsFilterViewModel.swift in Sources */,
				23416D4E2AC5691400C11BAE /* ErrorViewController.swift in Sources */,
				23416D6C2AC5AD1200C11BAE /* PaddingLabel.swift in Sources */,
				23416D382AC567A100C11BAE /* InAppCoordinator.swift in Sources */,
				23416D672AC5A47200C11BAE /* ArticleCardCellViewModel.swift in Sources */,
			);
			runOnlyForDeploymentPostprocessing = 0;
		};
		23416D022AC5668F00C11BAE /* Sources */ = {
			isa = PBXSourcesBuildPhase;
			buildActionMask = 2147483647;
			files = (
				23416D9C2AC65B5700C11BAE /* ArticleDetailsViewModelTest.swift in Sources */,
				23416D0B2AC5668F00C11BAE /* ArticleCardCellViewModelTest.swift in Sources */,
				23416DA02AC66D4B00C11BAE /* NewsViewModelTest.swift in Sources */,
			);
			runOnlyForDeploymentPostprocessing = 0;
		};
		23416D0C2AC5668F00C11BAE /* Sources */ = {
			isa = PBXSourcesBuildPhase;
			buildActionMask = 2147483647;
			files = (
				23416D152AC5668F00C11BAE /* NewsAppUITests.swift in Sources */,
			);
			runOnlyForDeploymentPostprocessing = 0;
		};
/* End PBXSourcesBuildPhase section */

/* Begin PBXTargetDependency section */
		23416D082AC5668F00C11BAE /* PBXTargetDependency */ = {
			isa = PBXTargetDependency;
			target = 23416CEF2AC5668E00C11BAE /* NewsApp */;
			targetProxy = 23416D072AC5668F00C11BAE /* PBXContainerItemProxy */;
		};
		23416D122AC5668F00C11BAE /* PBXTargetDependency */ = {
			isa = PBXTargetDependency;
			target = 23416CEF2AC5668E00C11BAE /* NewsApp */;
			targetProxy = 23416D112AC5668F00C11BAE /* PBXContainerItemProxy */;
		};
/* End PBXTargetDependency section */

/* Begin XCBuildConfiguration section */
		23416D182AC5668F00C11BAE /* Debug */ = {
			isa = XCBuildConfiguration;
			buildSettings = {
				ALWAYS_SEARCH_USER_PATHS = NO;
				CLANG_ANALYZER_NONNULL = YES;
				CLANG_ANALYZER_NUMBER_OBJECT_CONVERSION = YES_AGGRESSIVE;
				CLANG_CXX_LANGUAGE_STANDARD = "gnu++20";
				CLANG_ENABLE_MODULES = YES;
				CLANG_ENABLE_OBJC_ARC = YES;
				CLANG_ENABLE_OBJC_WEAK = YES;
				CLANG_WARN_BLOCK_CAPTURE_AUTORELEASING = YES;
				CLANG_WARN_BOOL_CONVERSION = YES;
				CLANG_WARN_COMMA = YES;
				CLANG_WARN_CONSTANT_CONVERSION = YES;
				CLANG_WARN_DEPRECATED_OBJC_IMPLEMENTATIONS = YES;
				CLANG_WARN_DIRECT_OBJC_ISA_USAGE = YES_ERROR;
				CLANG_WARN_DOCUMENTATION_COMMENTS = YES;
				CLANG_WARN_EMPTY_BODY = YES;
				CLANG_WARN_ENUM_CONVERSION = YES;
				CLANG_WARN_INFINITE_RECURSION = YES;
				CLANG_WARN_INT_CONVERSION = YES;
				CLANG_WARN_NON_LITERAL_NULL_CONVERSION = YES;
				CLANG_WARN_OBJC_IMPLICIT_RETAIN_SELF = YES;
				CLANG_WARN_OBJC_LITERAL_CONVERSION = YES;
				CLANG_WARN_OBJC_ROOT_CLASS = YES_ERROR;
				CLANG_WARN_QUOTED_INCLUDE_IN_FRAMEWORK_HEADER = YES;
				CLANG_WARN_RANGE_LOOP_ANALYSIS = YES;
				CLANG_WARN_STRICT_PROTOTYPES = YES;
				CLANG_WARN_SUSPICIOUS_MOVE = YES;
				CLANG_WARN_UNGUARDED_AVAILABILITY = YES_AGGRESSIVE;
				CLANG_WARN_UNREACHABLE_CODE = YES;
				CLANG_WARN__DUPLICATE_METHOD_MATCH = YES;
				COPY_PHASE_STRIP = NO;
				DEBUG_INFORMATION_FORMAT = dwarf;
				ENABLE_STRICT_OBJC_MSGSEND = YES;
				ENABLE_TESTABILITY = YES;
				GCC_C_LANGUAGE_STANDARD = gnu11;
				GCC_DYNAMIC_NO_PIC = NO;
				GCC_NO_COMMON_BLOCKS = YES;
				GCC_OPTIMIZATION_LEVEL = 0;
				GCC_PREPROCESSOR_DEFINITIONS = (
					"DEBUG=1",
					"$(inherited)",
				);
				GCC_WARN_64_TO_32_BIT_CONVERSION = YES;
				GCC_WARN_ABOUT_RETURN_TYPE = YES_ERROR;
				GCC_WARN_UNDECLARED_SELECTOR = YES;
				GCC_WARN_UNINITIALIZED_AUTOS = YES_AGGRESSIVE;
				GCC_WARN_UNUSED_FUNCTION = YES;
				GCC_WARN_UNUSED_VARIABLE = YES;
				IPHONEOS_DEPLOYMENT_TARGET = 16.2;
				MTL_ENABLE_DEBUG_INFO = INCLUDE_SOURCE;
				MTL_FAST_MATH = YES;
				ONLY_ACTIVE_ARCH = YES;
				SDKROOT = iphoneos;
				SWIFT_ACTIVE_COMPILATION_CONDITIONS = DEBUG;
				SWIFT_OPTIMIZATION_LEVEL = "-Onone";
			};
			name = Debug;
		};
		23416D192AC5668F00C11BAE /* Release */ = {
			isa = XCBuildConfiguration;
			buildSettings = {
				ALWAYS_SEARCH_USER_PATHS = NO;
				CLANG_ANALYZER_NONNULL = YES;
				CLANG_ANALYZER_NUMBER_OBJECT_CONVERSION = YES_AGGRESSIVE;
				CLANG_CXX_LANGUAGE_STANDARD = "gnu++20";
				CLANG_ENABLE_MODULES = YES;
				CLANG_ENABLE_OBJC_ARC = YES;
				CLANG_ENABLE_OBJC_WEAK = YES;
				CLANG_WARN_BLOCK_CAPTURE_AUTORELEASING = YES;
				CLANG_WARN_BOOL_CONVERSION = YES;
				CLANG_WARN_COMMA = YES;
				CLANG_WARN_CONSTANT_CONVERSION = YES;
				CLANG_WARN_DEPRECATED_OBJC_IMPLEMENTATIONS = YES;
				CLANG_WARN_DIRECT_OBJC_ISA_USAGE = YES_ERROR;
				CLANG_WARN_DOCUMENTATION_COMMENTS = YES;
				CLANG_WARN_EMPTY_BODY = YES;
				CLANG_WARN_ENUM_CONVERSION = YES;
				CLANG_WARN_INFINITE_RECURSION = YES;
				CLANG_WARN_INT_CONVERSION = YES;
				CLANG_WARN_NON_LITERAL_NULL_CONVERSION = YES;
				CLANG_WARN_OBJC_IMPLICIT_RETAIN_SELF = YES;
				CLANG_WARN_OBJC_LITERAL_CONVERSION = YES;
				CLANG_WARN_OBJC_ROOT_CLASS = YES_ERROR;
				CLANG_WARN_QUOTED_INCLUDE_IN_FRAMEWORK_HEADER = YES;
				CLANG_WARN_RANGE_LOOP_ANALYSIS = YES;
				CLANG_WARN_STRICT_PROTOTYPES = YES;
				CLANG_WARN_SUSPICIOUS_MOVE = YES;
				CLANG_WARN_UNGUARDED_AVAILABILITY = YES_AGGRESSIVE;
				CLANG_WARN_UNREACHABLE_CODE = YES;
				CLANG_WARN__DUPLICATE_METHOD_MATCH = YES;
				COPY_PHASE_STRIP = NO;
				DEBUG_INFORMATION_FORMAT = "dwarf-with-dsym";
				ENABLE_NS_ASSERTIONS = NO;
				ENABLE_STRICT_OBJC_MSGSEND = YES;
				GCC_C_LANGUAGE_STANDARD = gnu11;
				GCC_NO_COMMON_BLOCKS = YES;
				GCC_WARN_64_TO_32_BIT_CONVERSION = YES;
				GCC_WARN_ABOUT_RETURN_TYPE = YES_ERROR;
				GCC_WARN_UNDECLARED_SELECTOR = YES;
				GCC_WARN_UNINITIALIZED_AUTOS = YES_AGGRESSIVE;
				GCC_WARN_UNUSED_FUNCTION = YES;
				GCC_WARN_UNUSED_VARIABLE = YES;
				IPHONEOS_DEPLOYMENT_TARGET = 16.2;
				MTL_ENABLE_DEBUG_INFO = NO;
				MTL_FAST_MATH = YES;
				SDKROOT = iphoneos;
				SWIFT_COMPILATION_MODE = wholemodule;
				SWIFT_OPTIMIZATION_LEVEL = "-O";
				VALIDATE_PRODUCT = YES;
			};
			name = Release;
		};
		23416D1B2AC5668F00C11BAE /* Debug */ = {
			isa = XCBuildConfiguration;
			buildSettings = {
				ASSETCATALOG_COMPILER_APPICON_NAME = AppIcon;
				ASSETCATALOG_COMPILER_GLOBAL_ACCENT_COLOR_NAME = AccentColor;
				CODE_SIGN_STYLE = Automatic;
				CURRENT_PROJECT_VERSION = 1;
				DEVELOPMENT_TEAM = N5PPJ3G439;
				GENERATE_INFOPLIST_FILE = YES;
				INFOPLIST_FILE = NewsApp/Info.plist;
				INFOPLIST_KEY_UIApplicationSupportsIndirectInputEvents = YES;
				INFOPLIST_KEY_UILaunchStoryboardName = LaunchScreen;
				INFOPLIST_KEY_UISupportedInterfaceOrientations_iPad = "UIInterfaceOrientationPortrait UIInterfaceOrientationPortraitUpsideDown UIInterfaceOrientationLandscapeLeft UIInterfaceOrientationLandscapeRight";
				INFOPLIST_KEY_UISupportedInterfaceOrientations_iPhone = "UIInterfaceOrientationPortrait UIInterfaceOrientationLandscapeLeft UIInterfaceOrientationLandscapeRight";
				LD_RUNPATH_SEARCH_PATHS = (
					"$(inherited)",
					"@executable_path/Frameworks",
				);
				MARKETING_VERSION = 1.0;
				PRODUCT_BUNDLE_IDENTIFIER = com.Thel.NewsApp;
				PRODUCT_NAME = "$(TARGET_NAME)";
				SWIFT_EMIT_LOC_STRINGS = YES;
				SWIFT_VERSION = 5.0;
				TARGETED_DEVICE_FAMILY = "1,2";
			};
			name = Debug;
		};
		23416D1C2AC5668F00C11BAE /* Release */ = {
			isa = XCBuildConfiguration;
			buildSettings = {
				ASSETCATALOG_COMPILER_APPICON_NAME = AppIcon;
				ASSETCATALOG_COMPILER_GLOBAL_ACCENT_COLOR_NAME = AccentColor;
				CODE_SIGN_STYLE = Automatic;
				CURRENT_PROJECT_VERSION = 1;
				DEVELOPMENT_TEAM = N5PPJ3G439;
				GENERATE_INFOPLIST_FILE = YES;
				INFOPLIST_FILE = NewsApp/Info.plist;
				INFOPLIST_KEY_UIApplicationSupportsIndirectInputEvents = YES;
				INFOPLIST_KEY_UILaunchStoryboardName = LaunchScreen;
				INFOPLIST_KEY_UISupportedInterfaceOrientations_iPad = "UIInterfaceOrientationPortrait UIInterfaceOrientationPortraitUpsideDown UIInterfaceOrientationLandscapeLeft UIInterfaceOrientationLandscapeRight";
				INFOPLIST_KEY_UISupportedInterfaceOrientations_iPhone = "UIInterfaceOrientationPortrait UIInterfaceOrientationLandscapeLeft UIInterfaceOrientationLandscapeRight";
				LD_RUNPATH_SEARCH_PATHS = (
					"$(inherited)",
					"@executable_path/Frameworks",
				);
				MARKETING_VERSION = 1.0;
				PRODUCT_BUNDLE_IDENTIFIER = com.Thel.NewsApp;
				PRODUCT_NAME = "$(TARGET_NAME)";
				SWIFT_EMIT_LOC_STRINGS = YES;
				SWIFT_VERSION = 5.0;
				TARGETED_DEVICE_FAMILY = "1,2";
			};
			name = Release;
		};
		23416D1E2AC5668F00C11BAE /* Debug */ = {
			isa = XCBuildConfiguration;
			buildSettings = {
				ALWAYS_EMBED_SWIFT_STANDARD_LIBRARIES = YES;
				BUNDLE_LOADER = "$(TEST_HOST)";
				CODE_SIGN_STYLE = Automatic;
				CURRENT_PROJECT_VERSION = 1;
				DEVELOPMENT_TEAM = N5PPJ3G439;
				GENERATE_INFOPLIST_FILE = YES;
				IPHONEOS_DEPLOYMENT_TARGET = 16.2;
				MARKETING_VERSION = 1.0;
				PRODUCT_BUNDLE_IDENTIFIER = com.Thel.NewsAppTests;
				PRODUCT_NAME = "$(TARGET_NAME)";
				SWIFT_EMIT_LOC_STRINGS = NO;
				SWIFT_VERSION = 5.0;
				TARGETED_DEVICE_FAMILY = "1,2";
				TEST_HOST = "$(BUILT_PRODUCTS_DIR)/NewsApp.app/$(BUNDLE_EXECUTABLE_FOLDER_PATH)/NewsApp";
			};
			name = Debug;
		};
		23416D1F2AC5668F00C11BAE /* Release */ = {
			isa = XCBuildConfiguration;
			buildSettings = {
				ALWAYS_EMBED_SWIFT_STANDARD_LIBRARIES = YES;
				BUNDLE_LOADER = "$(TEST_HOST)";
				CODE_SIGN_STYLE = Automatic;
				CURRENT_PROJECT_VERSION = 1;
				DEVELOPMENT_TEAM = N5PPJ3G439;
				GENERATE_INFOPLIST_FILE = YES;
				IPHONEOS_DEPLOYMENT_TARGET = 16.2;
				MARKETING_VERSION = 1.0;
				PRODUCT_BUNDLE_IDENTIFIER = com.Thel.NewsAppTests;
				PRODUCT_NAME = "$(TARGET_NAME)";
				SWIFT_EMIT_LOC_STRINGS = NO;
				SWIFT_VERSION = 5.0;
				TARGETED_DEVICE_FAMILY = "1,2";
				TEST_HOST = "$(BUILT_PRODUCTS_DIR)/NewsApp.app/$(BUNDLE_EXECUTABLE_FOLDER_PATH)/NewsApp";
			};
			name = Release;
		};
		23416D212AC5668F00C11BAE /* Debug */ = {
			isa = XCBuildConfiguration;
			buildSettings = {
				ALWAYS_EMBED_SWIFT_STANDARD_LIBRARIES = YES;
				CODE_SIGN_STYLE = Automatic;
				CURRENT_PROJECT_VERSION = 1;
				DEVELOPMENT_TEAM = N5PPJ3G439;
				GENERATE_INFOPLIST_FILE = YES;
				MARKETING_VERSION = 1.0;
				PRODUCT_BUNDLE_IDENTIFIER = com.Thel.NewsAppUITests;
				PRODUCT_NAME = "$(TARGET_NAME)";
				SWIFT_EMIT_LOC_STRINGS = NO;
				SWIFT_VERSION = 5.0;
				TARGETED_DEVICE_FAMILY = "1,2";
				TEST_TARGET_NAME = NewsApp;
			};
			name = Debug;
		};
		23416D222AC5668F00C11BAE /* Release */ = {
			isa = XCBuildConfiguration;
			buildSettings = {
				ALWAYS_EMBED_SWIFT_STANDARD_LIBRARIES = YES;
				CODE_SIGN_STYLE = Automatic;
				CURRENT_PROJECT_VERSION = 1;
				DEVELOPMENT_TEAM = N5PPJ3G439;
				GENERATE_INFOPLIST_FILE = YES;
				MARKETING_VERSION = 1.0;
				PRODUCT_BUNDLE_IDENTIFIER = com.Thel.NewsAppUITests;
				PRODUCT_NAME = "$(TARGET_NAME)";
				SWIFT_EMIT_LOC_STRINGS = NO;
				SWIFT_VERSION = 5.0;
				TARGETED_DEVICE_FAMILY = "1,2";
				TEST_TARGET_NAME = NewsApp;
			};
			name = Release;
		};
/* End XCBuildConfiguration section */

/* Begin XCConfigurationList section */
		23416CEB2AC5668E00C11BAE /* Build configuration list for PBXProject "NewsApp" */ = {
			isa = XCConfigurationList;
			buildConfigurations = (
				23416D182AC5668F00C11BAE /* Debug */,
				23416D192AC5668F00C11BAE /* Release */,
			);
			defaultConfigurationIsVisible = 0;
			defaultConfigurationName = Release;
		};
		23416D1A2AC5668F00C11BAE /* Build configuration list for PBXNativeTarget "NewsApp" */ = {
			isa = XCConfigurationList;
			buildConfigurations = (
				23416D1B2AC5668F00C11BAE /* Debug */,
				23416D1C2AC5668F00C11BAE /* Release */,
			);
			defaultConfigurationIsVisible = 0;
			defaultConfigurationName = Release;
		};
		23416D1D2AC5668F00C11BAE /* Build configuration list for PBXNativeTarget "NewsAppTests" */ = {
			isa = XCConfigurationList;
			buildConfigurations = (
				23416D1E2AC5668F00C11BAE /* Debug */,
				23416D1F2AC5668F00C11BAE /* Release */,
			);
			defaultConfigurationIsVisible = 0;
			defaultConfigurationName = Release;
		};
		23416D202AC5668F00C11BAE /* Build configuration list for PBXNativeTarget "NewsAppUITests" */ = {
			isa = XCConfigurationList;
			buildConfigurations = (
				23416D212AC5668F00C11BAE /* Debug */,
				23416D222AC5668F00C11BAE /* Release */,
			);
			defaultConfigurationIsVisible = 0;
			defaultConfigurationName = Release;
		};
/* End XCConfigurationList section */
	};
	rootObject = 23416CE82AC5668E00C11BAE /* Project object */;
}
